
Microsoft Visual Studio Solution File, Format Version 12.00
# Visual Studio Version 17
VisualStudioVersion = 17.7.34221.43
MinimumVisualStudioVersion = 10.0.40219.1
Project("{FAE04EC0-301F-11D3-BF4B-00C04F79EFBC}") = "ConsoleApp1", "ConsoleApp1\ConsoleApp1.csproj", "{2E89CCE0-5C1F-4961-B781-D3F4CC1E6737}"
EndProject
Global
	GlobalSection(SolutionConfigurationPlatforms) = preSolution
		Debug|Any CPU = Debug|Any CPU
		Release|Any CPU = Release|Any CPU
	EndGlobalSection
	GlobalSection(ProjectConfigurationPlatforms) = postSolution
		{2E89CCE0-5C1F-4961-B781-D3F4CC1E6737}.Debug|Any CPU.ActiveCfg = Debug|Any CPU
		{2E89CCE0-5C1F-4961-B781-D3F4CC1E6737}.Debug|Any CPU.Build.0 = Debug|Any CPU
		{2E89CCE0-5C1F-4961-B781-D3F4CC1E6737}.Release|Any CPU.ActiveCfg = Release|Any CPU
		{2E89CCE0-5C1F-4961-B781-D3F4CC1E6737}.Release|Any CPU.Build.0 = Release|Any CPU
	EndGlobalSection
	GlobalSection(SolutionProperties) = preSolution
		HideSolutionNode = FALSE
	EndGlobalSection
	GlobalSection(ExtensibilityGlobals) = postSolution
		SolutionGuid = {7B95743C-D271-4FC5-B76F-3BEB7CC7763F}
	EndGlobalSection
EndGlobal
