
Microsoft Visual Studio Solution File, Format Version 12.00
# Visual Studio Version 17
VisualStudioVersion = 17.11.35219.272
MinimumVisualStudioVersion = 10.0.40219.1
Project("{9A19103F-16F7-4668-BE54-9A1E7A4F7556}") = "NguyenVanThanh_BTVN_Buoi2", "NguyenVanThanh_BTVN_Buoi2\NguyenVanThanh_BTVN_Buoi2.csproj", "{F66F639B-8799-4C39-85E9-CA277084186F}"
EndProject
Global
	GlobalSection(SolutionConfigurationPlatforms) = preSolution
		Debug|Any CPU = Debug|Any CPU
		Release|Any CPU = Release|Any CPU
	EndGlobalSection
	GlobalSection(ProjectConfigurationPlatforms) = postSolution
		{F66F639B-8799-4C39-85E9-CA277084186F}.Debug|Any CPU.ActiveCfg = Debug|Any CPU
		{F66F639B-8799-4C39-85E9-CA277084186F}.Debug|Any CPU.Build.0 = Debug|Any CPU
		{F66F639B-8799-4C39-85E9-CA277084186F}.Release|Any CPU.ActiveCfg = Release|Any CPU
		{F66F639B-8799-4C39-85E9-CA277084186F}.Release|Any CPU.Build.0 = Release|Any CPU
	EndGlobalSection
	GlobalSection(SolutionProperties) = preSolution
		HideSolutionNode = FALSE
	EndGlobalSection
	GlobalSection(ExtensibilityGlobals) = postSolution
		SolutionGuid = {0BE4ACE7-0BA2-4CC0-8D23-6B484D268ED1}
	EndGlobalSection
EndGlobal
