
Microsoft Visual Studio Solution File, Format Version 12.00
# Visual Studio 15
VisualStudioVersion = 15.0.35319.79
MinimumVisualStudioVersion = 10.0.40219.1
Project("{FAE04EC0-301F-11D3-BF4B-00C04F79EFBC}") = "DaiLyBanNuoc", "DaiLyBanNuoc\DaiLyBanNuoc.csproj", "{84D60E79-E0CA-4BE1-BC99-C282434FDBB1}"
EndProject
Global
	GlobalSection(SolutionConfigurationPlatforms) = preSolution
		Debug|Any CPU = Debug|Any CPU
		Release|Any CPU = Release|Any CPU
	EndGlobalSection
	GlobalSection(ProjectConfigurationPlatforms) = postSolution
		{84D60E79-E0CA-4BE1-BC99-C282434FDBB1}.Debug|Any CPU.ActiveCfg = Debug|Any CPU
		{84D60E79-E0CA-4BE1-BC99-C282434FDBB1}.Debug|Any CPU.Build.0 = Debug|Any CPU
		{84D60E79-E0CA-4BE1-BC99-C282434FDBB1}.Release|Any CPU.ActiveCfg = Release|Any CPU
		{84D60E79-E0CA-4BE1-BC99-C282434FDBB1}.Release|Any CPU.Build.0 = Release|Any CPU
	EndGlobalSection
	GlobalSection(SolutionProperties) = preSolution
		HideSolutionNode = FALSE
	EndGlobalSection
	GlobalSection(ExtensibilityGlobals) = postSolution
		SolutionGuid = {37EB2421-ABCD-4D1E-9449-931324F92FA4}
	EndGlobalSection
EndGlobal
